
Microsoft Visual Studio Solution File, Format Version 12.00
# Visual Studio Version 17
VisualStudioVersion = 17.11.35208.52
MinimumVisualStudioVersion = 10.0.40219.1
Project("{FAE04EC0-301F-11D3-BF4B-00C04F79EFBC}") = "ejercicio 1 examen", "ejercicio 1 examen\ejercicio 1 examen.csproj", "{8F394723-29E5-4D1B-910A-397539B65856}"
EndProject
Global
	GlobalSection(SolutionConfigurationPlatforms) = preSolution
		Debug|Any CPU = Debug|Any CPU
		Release|Any CPU = Release|Any CPU
	EndGlobalSection
	GlobalSection(ProjectConfigurationPlatforms) = postSolution
		{8F394723-29E5-4D1B-910A-397539B65856}.Debug|Any CPU.ActiveCfg = Debug|Any CPU
		{8F394723-29E5-4D1B-910A-397539B65856}.Debug|Any CPU.Build.0 = Debug|Any CPU
		{8F394723-29E5-4D1B-910A-397539B65856}.Release|Any CPU.ActiveCfg = Release|Any CPU
		{8F394723-29E5-4D1B-910A-397539B65856}.Release|Any CPU.Build.0 = Release|Any CPU
	EndGlobalSection
	GlobalSection(SolutionProperties) = preSolution
		HideSolutionNode = FALSE
	EndGlobalSection
	GlobalSection(ExtensibilityGlobals) = postSolution
		SolutionGuid = {44AAC806-87CE-465B-BD41-89C416BEBF12}
	EndGlobalSection
EndGlobal
